
Microsoft Visual Studio Solution File, Format Version 12.00
# Visual Studio Version 17
VisualStudioVersion = 17.0.31903.59
MinimumVisualStudioVersion = 10.0.40219.1
Project("{2150E333-8FDC-42A3-9474-1A3956D46DE8}") = "Solution Items", "Solution Items", "{767CA4FA-85EF-415A-A8BC-0924E095040D}"
	ProjectSection(SolutionItems) = preProject
		.editorconfig = .editorconfig
		tests\.editorconfig = tests\.editorconfig
		Directory.Build.props = Directory.Build.props
		src\Directory.Build.props = src\Directory.Build.props
		Directory.Packages.props = Directory.Packages.props
	EndProjectSection
EndProject
Project("{FAE04EC0-301F-11D3-BF4B-00C04F79EFBC}") = "Attribinter.Parameters.Named.Core", "src\Attribinter.Parameters.Named.Core\Attribinter.Parameters.Named.Core.csproj", "{D4B0DB46-252D-4FDB-857A-AAB74EA86182}"
EndProject
Project("{FAE04EC0-301F-11D3-BF4B-00C04F79EFBC}") = "Attribinter.Parameters.Named.Abstractions", "src\Attribinter.Parameters.Named.Abstractions\Attribinter.Parameters.Named.Abstractions.csproj", "{48522104-E9F6-4DA1-AE2B-6DA5A15D4A00}"
EndProject
Project("{FAE04EC0-301F-11D3-BF4B-00C04F79EFBC}") = "Attribinter.Parameters.Named", "src\Attribinter.Parameters.Named\Attribinter.Parameters.Named.csproj", "{C7EC01EC-27FE-4914-BBCA-D8382E2A092D}"
EndProject
Project("{FAE04EC0-301F-11D3-BF4B-00C04F79EFBC}") = "Attribinter.Parameters.Named.DependencyInjection", "src\Attribinter.Parameters.Named.DependencyInjection\Attribinter.Parameters.Named.DependencyInjection.csproj", "{4EFC4C5D-669E-4543-AD49-D2E7148A5928}"
EndProject
Project("{FAE04EC0-301F-11D3-BF4B-00C04F79EFBC}") = "Attribinter.Parameters.Named.IntegrationTests", "tests\integration\Attribinter.Parameters.Named.IntegrationTests\Attribinter.Parameters.Named.IntegrationTests.csproj", "{4C9BB32C-E0D2-4F76-A8CE-8F83DC93B83C}"
EndProject
Project("{FAE04EC0-301F-11D3-BF4B-00C04F79EFBC}") = "Attribinter.Parameters.Named.UnitTests", "tests\unit\Attribinter.Parameters.Named.UnitTests\Attribinter.Parameters.Named.UnitTests.csproj", "{9AFE44F8-653A-4DAD-99B4-49609F24D825}"
EndProject
Global
	GlobalSection(SolutionConfigurationPlatforms) = preSolution
		Debug|Any CPU = Debug|Any CPU
		Release|Any CPU = Release|Any CPU
	EndGlobalSection
	GlobalSection(ProjectConfigurationPlatforms) = postSolution
		{D4B0DB46-252D-4FDB-857A-AAB74EA86182}.Debug|Any CPU.ActiveCfg = Debug|Any CPU
		{D4B0DB46-252D-4FDB-857A-AAB74EA86182}.Debug|Any CPU.Build.0 = Debug|Any CPU
		{D4B0DB46-252D-4FDB-857A-AAB74EA86182}.Release|Any CPU.ActiveCfg = Release|Any CPU
		{D4B0DB46-252D-4FDB-857A-AAB74EA86182}.Release|Any CPU.Build.0 = Release|Any CPU
		{48522104-E9F6-4DA1-AE2B-6DA5A15D4A00}.Debug|Any CPU.ActiveCfg = Debug|Any CPU
		{48522104-E9F6-4DA1-AE2B-6DA5A15D4A00}.Debug|Any CPU.Build.0 = Debug|Any CPU
		{48522104-E9F6-4DA1-AE2B-6DA5A15D4A00}.Release|Any CPU.ActiveCfg = Release|Any CPU
		{48522104-E9F6-4DA1-AE2B-6DA5A15D4A00}.Release|Any CPU.Build.0 = Release|Any CPU
		{C7EC01EC-27FE-4914-BBCA-D8382E2A092D}.Debug|Any CPU.ActiveCfg = Debug|Any CPU
		{C7EC01EC-27FE-4914-BBCA-D8382E2A092D}.Debug|Any CPU.Build.0 = Debug|Any CPU
		{C7EC01EC-27FE-4914-BBCA-D8382E2A092D}.Release|Any CPU.ActiveCfg = Release|Any CPU
		{C7EC01EC-27FE-4914-BBCA-D8382E2A092D}.Release|Any CPU.Build.0 = Release|Any CPU
		{4EFC4C5D-669E-4543-AD49-D2E7148A5928}.Debug|Any CPU.ActiveCfg = Debug|Any CPU
		{4EFC4C5D-669E-4543-AD49-D2E7148A5928}.Debug|Any CPU.Build.0 = Debug|Any CPU
		{4EFC4C5D-669E-4543-AD49-D2E7148A5928}.Release|Any CPU.ActiveCfg = Release|Any CPU
		{4EFC4C5D-669E-4543-AD49-D2E7148A5928}.Release|Any CPU.Build.0 = Release|Any CPU
		{4C9BB32C-E0D2-4F76-A8CE-8F83DC93B83C}.Debug|Any CPU.ActiveCfg = Debug|Any CPU
		{4C9BB32C-E0D2-4F76-A8CE-8F83DC93B83C}.Debug|Any CPU.Build.0 = Debug|Any CPU
		{4C9BB32C-E0D2-4F76-A8CE-8F83DC93B83C}.Release|Any CPU.ActiveCfg = Release|Any CPU
		{4C9BB32C-E0D2-4F76-A8CE-8F83DC93B83C}.Release|Any CPU.Build.0 = Release|Any CPU
		{9AFE44F8-653A-4DAD-99B4-49609F24D825}.Debug|Any CPU.ActiveCfg = Debug|Any CPU
		{9AFE44F8-653A-4DAD-99B4-49609F24D825}.Debug|Any CPU.Build.0 = Debug|Any CPU
		{9AFE44F8-653A-4DAD-99B4-49609F24D825}.Release|Any CPU.ActiveCfg = Release|Any CPU
		{9AFE44F8-653A-4DAD-99B4-49609F24D825}.Release|Any CPU.Build.0 = Release|Any CPU
	EndGlobalSection
	GlobalSection(SolutionProperties) = preSolution
		HideSolutionNode = FALSE
	EndGlobalSection
	GlobalSection(ExtensibilityGlobals) = postSolution
		SolutionGuid = {E726D58B-007E-40FD-B070-CD388696D892}
	EndGlobalSection
EndGlobal
