
Microsoft Visual Studio Solution File, Format Version 12.00
# Visual Studio Version 17
VisualStudioVersion = 17.0.31903.59
MinimumVisualStudioVersion = 10.0.40219.1
Project("{2150E333-8FDC-42A3-9474-1A3956D46DE8}") = "Solution Items", "Solution Items", "{767CA4FA-85EF-415A-A8BC-0924E095040D}"
	ProjectSection(SolutionItems) = preProject
		.editorconfig = .editorconfig
		tests\.editorconfig = tests\.editorconfig
		Directory.Build.props = Directory.Build.props
		src\Directory.Build.props = src\Directory.Build.props
		Directory.Packages.props = Directory.Packages.props
		tests\Directory.Build.props = tests\Directory.Build.props
	EndProjectSection
EndProject
Project("{9A19103F-16F7-4668-BE54-9A1E7A4F7556}") = "Paraminter.Parameters.Named.Core", "src\Paraminter.Parameters.Named.Core\Paraminter.Parameters.Named.Core.csproj", "{44B356BA-DCFA-497E-904D-B07CF5C63A2B}"
EndProject
Project("{9A19103F-16F7-4668-BE54-9A1E7A4F7556}") = "Paraminter.Parameters.Named.Abstractions", "src\Paraminter.Parameters.Named.Abstractions\Paraminter.Parameters.Named.Abstractions.csproj", "{648E39E2-4109-4518-9D2B-BBB3DD651D04}"
EndProject
Project("{9A19103F-16F7-4668-BE54-9A1E7A4F7556}") = "Paraminter.Parameters.Named", "src\Paraminter.Parameters.Named\Paraminter.Parameters.Named.csproj", "{A15166A6-02EA-4F12-A5BB-879D83CBFB68}"
EndProject
Project("{9A19103F-16F7-4668-BE54-9A1E7A4F7556}") = "Paraminter.Parameters.Named.DependencyInjection", "src\Paraminter.Parameters.Named.DependencyInjection\Paraminter.Parameters.Named.DependencyInjection.csproj", "{E455795D-8533-40D3-B9B0-D141E44A7B30}"
EndProject
Project("{9A19103F-16F7-4668-BE54-9A1E7A4F7556}") = "Paraminter.Parameters.Named.IntegrationTests", "tests\integration\Paraminter.Parameters.Named.IntegrationTests\Paraminter.Parameters.Named.IntegrationTests.csproj", "{3D4DD036-5663-4110-AC0F-C83176C89C9A}"
EndProject
Project("{9A19103F-16F7-4668-BE54-9A1E7A4F7556}") = "Paraminter.Parameters.Named.UnitTests", "tests\unit\Paraminter.Parameters.Named.UnitTests\Paraminter.Parameters.Named.UnitTests.csproj", "{482AFEED-5E69-4359-982A-1988455CBDB5}"
EndProject
Global
	GlobalSection(SolutionConfigurationPlatforms) = preSolution
		Debug|Any CPU = Debug|Any CPU
		Release|Any CPU = Release|Any CPU
	EndGlobalSection
	GlobalSection(ProjectConfigurationPlatforms) = postSolution
		{44B356BA-DCFA-497E-904D-B07CF5C63A2B}.Debug|Any CPU.ActiveCfg = Debug|Any CPU
		{44B356BA-DCFA-497E-904D-B07CF5C63A2B}.Debug|Any CPU.Build.0 = Debug|Any CPU
		{44B356BA-DCFA-497E-904D-B07CF5C63A2B}.Release|Any CPU.ActiveCfg = Release|Any CPU
		{44B356BA-DCFA-497E-904D-B07CF5C63A2B}.Release|Any CPU.Build.0 = Release|Any CPU
		{648E39E2-4109-4518-9D2B-BBB3DD651D04}.Debug|Any CPU.ActiveCfg = Debug|Any CPU
		{648E39E2-4109-4518-9D2B-BBB3DD651D04}.Debug|Any CPU.Build.0 = Debug|Any CPU
		{648E39E2-4109-4518-9D2B-BBB3DD651D04}.Release|Any CPU.ActiveCfg = Release|Any CPU
		{648E39E2-4109-4518-9D2B-BBB3DD651D04}.Release|Any CPU.Build.0 = Release|Any CPU
		{A15166A6-02EA-4F12-A5BB-879D83CBFB68}.Debug|Any CPU.ActiveCfg = Debug|Any CPU
		{A15166A6-02EA-4F12-A5BB-879D83CBFB68}.Debug|Any CPU.Build.0 = Debug|Any CPU
		{A15166A6-02EA-4F12-A5BB-879D83CBFB68}.Release|Any CPU.ActiveCfg = Release|Any CPU
		{A15166A6-02EA-4F12-A5BB-879D83CBFB68}.Release|Any CPU.Build.0 = Release|Any CPU
		{E455795D-8533-40D3-B9B0-D141E44A7B30}.Debug|Any CPU.ActiveCfg = Debug|Any CPU
		{E455795D-8533-40D3-B9B0-D141E44A7B30}.Debug|Any CPU.Build.0 = Debug|Any CPU
		{E455795D-8533-40D3-B9B0-D141E44A7B30}.Release|Any CPU.ActiveCfg = Release|Any CPU
		{E455795D-8533-40D3-B9B0-D141E44A7B30}.Release|Any CPU.Build.0 = Release|Any CPU
		{3D4DD036-5663-4110-AC0F-C83176C89C9A}.Debug|Any CPU.ActiveCfg = Debug|Any CPU
		{3D4DD036-5663-4110-AC0F-C83176C89C9A}.Debug|Any CPU.Build.0 = Debug|Any CPU
		{3D4DD036-5663-4110-AC0F-C83176C89C9A}.Release|Any CPU.ActiveCfg = Release|Any CPU
		{3D4DD036-5663-4110-AC0F-C83176C89C9A}.Release|Any CPU.Build.0 = Release|Any CPU
		{482AFEED-5E69-4359-982A-1988455CBDB5}.Debug|Any CPU.ActiveCfg = Debug|Any CPU
		{482AFEED-5E69-4359-982A-1988455CBDB5}.Debug|Any CPU.Build.0 = Debug|Any CPU
		{482AFEED-5E69-4359-982A-1988455CBDB5}.Release|Any CPU.ActiveCfg = Release|Any CPU
		{482AFEED-5E69-4359-982A-1988455CBDB5}.Release|Any CPU.Build.0 = Release|Any CPU
	EndGlobalSection
	GlobalSection(SolutionProperties) = preSolution
		HideSolutionNode = FALSE
	EndGlobalSection
	GlobalSection(ExtensibilityGlobals) = postSolution
		SolutionGuid = {E726D58B-007E-40FD-B070-CD388696D892}
	EndGlobalSection
EndGlobal
