
Microsoft Visual Studio Solution File, Format Version 12.00
# Visual Studio Version 17
VisualStudioVersion = 17.0.31903.59
MinimumVisualStudioVersion = 10.0.40219.1
Project("{2150E333-8FDC-42A3-9474-1A3956D46DE8}") = "Solution Items", "Solution Items", "{767CA4FA-85EF-415A-A8BC-0924E095040D}"
	ProjectSection(SolutionItems) = preProject
		.editorconfig = .editorconfig
		tests\.editorconfig = tests\.editorconfig
		Directory.Build.props = Directory.Build.props
		src\Directory.Build.props = src\Directory.Build.props
		Directory.Packages.props = Directory.Packages.props
		tests\Directory.Build.props = tests\Directory.Build.props
	EndProjectSection
EndProject
Project("{2150E333-8FDC-42A3-9474-1A3956D46DE8}") = "src", "src", "{9AAA2151-53E2-4111-84E6-8EF580AB818F}"
EndProject
Project("{FAE04EC0-301F-11D3-BF4B-00C04F79EFBC}") = "Core", "src\Core\Core.csproj", "{D2A4906A-5FFC-409D-B6C0-471E7D311C5A}"
EndProject
Project("{FAE04EC0-301F-11D3-BF4B-00C04F79EFBC}") = "Queries", "src\Queries\Queries.csproj", "{79037987-DF3B-40CB-B780-CAFEECFF5FAF}"
EndProject
Project("{2150E333-8FDC-42A3-9474-1A3956D46DE8}") = "Implementation", "Implementation", "{B68EF416-6E0D-4FE1-B90B-6944BCE977CB}"
EndProject
Project("{FAE04EC0-301F-11D3-BF4B-00C04F79EFBC}") = "General", "src\Implementation\General\General.csproj", "{F8B305FC-ADBE-4911-9059-70DD64998AF8}"
EndProject
Project("{2150E333-8FDC-42A3-9474-1A3956D46DE8}") = "tests", "tests", "{42780510-F4A9-4028-8921-B84E8EED2037}"
EndProject
Project("{2150E333-8FDC-42A3-9474-1A3956D46DE8}") = "unit", "unit", "{51F123E5-26F6-4F9D-B058-A61C202F4EAA}"
EndProject
Project("{2150E333-8FDC-42A3-9474-1A3956D46DE8}") = "Implementation", "Implementation", "{8A63400A-982E-4E97-AB8E-4E0704D11264}"
EndProject
Project("{2150E333-8FDC-42A3-9474-1A3956D46DE8}") = "General", "General", "{D5F99843-8C3B-4A34-ACD1-6A1582095490}"
EndProject
Project("{FAE04EC0-301F-11D3-BF4B-00C04F79EFBC}") = "UT_GetNamedParameterByNameQueryHandler", "tests\unit\Implementation\General\GetNamedParameterByNameQueryHandler\UT_GetNamedParameterByNameQueryHandler.csproj", "{5A59CD3E-0E18-4FD8-9EB6-9285314C1714}"
EndProject
Global
	GlobalSection(SolutionConfigurationPlatforms) = preSolution
		Debug|Any CPU = Debug|Any CPU
		Release|Any CPU = Release|Any CPU
	EndGlobalSection
	GlobalSection(ProjectConfigurationPlatforms) = postSolution
		{D2A4906A-5FFC-409D-B6C0-471E7D311C5A}.Debug|Any CPU.ActiveCfg = Debug|Any CPU
		{D2A4906A-5FFC-409D-B6C0-471E7D311C5A}.Debug|Any CPU.Build.0 = Debug|Any CPU
		{D2A4906A-5FFC-409D-B6C0-471E7D311C5A}.Release|Any CPU.ActiveCfg = Release|Any CPU
		{D2A4906A-5FFC-409D-B6C0-471E7D311C5A}.Release|Any CPU.Build.0 = Release|Any CPU
		{79037987-DF3B-40CB-B780-CAFEECFF5FAF}.Debug|Any CPU.ActiveCfg = Debug|Any CPU
		{79037987-DF3B-40CB-B780-CAFEECFF5FAF}.Debug|Any CPU.Build.0 = Debug|Any CPU
		{79037987-DF3B-40CB-B780-CAFEECFF5FAF}.Release|Any CPU.ActiveCfg = Release|Any CPU
		{79037987-DF3B-40CB-B780-CAFEECFF5FAF}.Release|Any CPU.Build.0 = Release|Any CPU
		{F8B305FC-ADBE-4911-9059-70DD64998AF8}.Debug|Any CPU.ActiveCfg = Debug|Any CPU
		{F8B305FC-ADBE-4911-9059-70DD64998AF8}.Debug|Any CPU.Build.0 = Debug|Any CPU
		{F8B305FC-ADBE-4911-9059-70DD64998AF8}.Release|Any CPU.ActiveCfg = Release|Any CPU
		{F8B305FC-ADBE-4911-9059-70DD64998AF8}.Release|Any CPU.Build.0 = Release|Any CPU
		{5A59CD3E-0E18-4FD8-9EB6-9285314C1714}.Debug|Any CPU.ActiveCfg = Debug|Any CPU
		{5A59CD3E-0E18-4FD8-9EB6-9285314C1714}.Debug|Any CPU.Build.0 = Debug|Any CPU
		{5A59CD3E-0E18-4FD8-9EB6-9285314C1714}.Release|Any CPU.ActiveCfg = Release|Any CPU
		{5A59CD3E-0E18-4FD8-9EB6-9285314C1714}.Release|Any CPU.Build.0 = Release|Any CPU
	EndGlobalSection
	GlobalSection(SolutionProperties) = preSolution
		HideSolutionNode = FALSE
	EndGlobalSection
	GlobalSection(NestedProjects) = preSolution
		{D2A4906A-5FFC-409D-B6C0-471E7D311C5A} = {9AAA2151-53E2-4111-84E6-8EF580AB818F}
		{79037987-DF3B-40CB-B780-CAFEECFF5FAF} = {9AAA2151-53E2-4111-84E6-8EF580AB818F}
		{B68EF416-6E0D-4FE1-B90B-6944BCE977CB} = {9AAA2151-53E2-4111-84E6-8EF580AB818F}
		{F8B305FC-ADBE-4911-9059-70DD64998AF8} = {B68EF416-6E0D-4FE1-B90B-6944BCE977CB}
		{51F123E5-26F6-4F9D-B058-A61C202F4EAA} = {42780510-F4A9-4028-8921-B84E8EED2037}
		{8A63400A-982E-4E97-AB8E-4E0704D11264} = {51F123E5-26F6-4F9D-B058-A61C202F4EAA}
		{D5F99843-8C3B-4A34-ACD1-6A1582095490} = {8A63400A-982E-4E97-AB8E-4E0704D11264}
		{5A59CD3E-0E18-4FD8-9EB6-9285314C1714} = {D5F99843-8C3B-4A34-ACD1-6A1582095490}
	EndGlobalSection
	GlobalSection(ExtensibilityGlobals) = postSolution
		SolutionGuid = {E726D58B-007E-40FD-B070-CD388696D892}
	EndGlobalSection
EndGlobal
