
Microsoft Visual Studio Solution File, Format Version 12.00
# Visual Studio Version 17
VisualStudioVersion = 17.0.31903.59
MinimumVisualStudioVersion = 10.0.40219.1
Project("{2150E333-8FDC-42A3-9474-1A3956D46DE8}") = "Solution Items", "Solution Items", "{767CA4FA-85EF-415A-A8BC-0924E095040D}"
	ProjectSection(SolutionItems) = preProject
		.editorconfig = .editorconfig
		tests\.editorconfig = tests\.editorconfig
		Directory.Build.props = Directory.Build.props
		src\Directory.Build.props = src\Directory.Build.props
		Directory.Packages.props = Directory.Packages.props
		tests\Directory.Build.props = tests\Directory.Build.props
	EndProjectSection
EndProject
Project("{2150E333-8FDC-42A3-9474-1A3956D46DE8}") = "src", "src", "{9AAA2151-53E2-4111-84E6-8EF580AB818F}"
EndProject
Project("{FAE04EC0-301F-11D3-BF4B-00C04F79EFBC}") = "Core", "src\Core\Core.csproj", "{D2A4906A-5FFC-409D-B6C0-471E7D311C5A}"
EndProject
Project("{FAE04EC0-301F-11D3-BF4B-00C04F79EFBC}") = "Abstractions", "src\Abstractions\Abstractions.csproj", "{1D540BF3-8AF4-4632-8DC7-8C6CD752907C}"
EndProject
Project("{FAE04EC0-301F-11D3-BF4B-00C04F79EFBC}") = "Implementation", "src\Implementation\Implementation.csproj", "{9552EEE6-65CE-4BE2-9B29-FE2B5499D2D0}"
EndProject
Project("{2150E333-8FDC-42A3-9474-1A3956D46DE8}") = "DependencyInjection", "DependencyInjection", "{8EED8126-46DD-4AE4-BAF9-EEB9EB702DFF}"
EndProject
Project("{FAE04EC0-301F-11D3-BF4B-00C04F79EFBC}") = "Net", "src\DependencyInjection\Net\Net.csproj", "{D126B2C7-BCEF-49EC-AC15-2AA1B969F7BF}"
EndProject
Project("{2150E333-8FDC-42A3-9474-1A3956D46DE8}") = "tests", "tests", "{FAB04434-E498-4F65-99DC-A96E64A266C5}"
EndProject
Project("{2150E333-8FDC-42A3-9474-1A3956D46DE8}") = "integration", "integration", "{EDCF3E60-63D9-4953-A742-5E876297063D}"
EndProject
Project("{2150E333-8FDC-42A3-9474-1A3956D46DE8}") = "DependencyInjection", "DependencyInjection", "{04164D01-B304-44BA-B91F-5A66336BDCCB}"
EndProject
Project("{2150E333-8FDC-42A3-9474-1A3956D46DE8}") = "Net", "Net", "{4CBBA121-5E68-4C05-BE6C-78409FCD076B}"
EndProject
Project("{FAE04EC0-301F-11D3-BF4B-00C04F79EFBC}") = "IT_NamedParameterServices", "tests\integration\DependencyInjection\Net\NamedParameterServices\IT_NamedParameterServices.csproj", "{DDB76E53-2E4B-4A9E-B52C-3F862902816D}"
EndProject
Project("{2150E333-8FDC-42A3-9474-1A3956D46DE8}") = "unit", "unit", "{10D359C5-1A32-4E19-A332-70BCE9DF003A}"
EndProject
Project("{FAE04EC0-301F-11D3-BF4B-00C04F79EFBC}") = "UT_NamedParameterFactory", "tests\unit\NamedParameterFactory\UT_NamedParameterFactory.csproj", "{FEAF9A3A-9C94-4FB1-89DF-9027BC7D53C0}"
EndProject
Project("{2150E333-8FDC-42A3-9474-1A3956D46DE8}") = "DependencyInjection", "DependencyInjection", "{0E9DF989-981B-47CE-BEB8-E0666BFAC71D}"
EndProject
Project("{2150E333-8FDC-42A3-9474-1A3956D46DE8}") = "Net", "Net", "{CEFD224E-5597-44F5-8B93-880B2966A0F3}"
EndProject
Project("{FAE04EC0-301F-11D3-BF4B-00C04F79EFBC}") = "UT_NamedParameterServices", "tests\unit\DependencyInjection\Net\NamedParameterServices\UT_NamedParameterServices.csproj", "{A079F0B7-FC53-40FF-8A0A-B9B83F6FEE6B}"
EndProject
Global
	GlobalSection(SolutionConfigurationPlatforms) = preSolution
		Debug|Any CPU = Debug|Any CPU
		Release|Any CPU = Release|Any CPU
	EndGlobalSection
	GlobalSection(ProjectConfigurationPlatforms) = postSolution
		{D2A4906A-5FFC-409D-B6C0-471E7D311C5A}.Debug|Any CPU.ActiveCfg = Debug|Any CPU
		{D2A4906A-5FFC-409D-B6C0-471E7D311C5A}.Debug|Any CPU.Build.0 = Debug|Any CPU
		{D2A4906A-5FFC-409D-B6C0-471E7D311C5A}.Release|Any CPU.ActiveCfg = Release|Any CPU
		{D2A4906A-5FFC-409D-B6C0-471E7D311C5A}.Release|Any CPU.Build.0 = Release|Any CPU
		{1D540BF3-8AF4-4632-8DC7-8C6CD752907C}.Debug|Any CPU.ActiveCfg = Debug|Any CPU
		{1D540BF3-8AF4-4632-8DC7-8C6CD752907C}.Debug|Any CPU.Build.0 = Debug|Any CPU
		{1D540BF3-8AF4-4632-8DC7-8C6CD752907C}.Release|Any CPU.ActiveCfg = Release|Any CPU
		{1D540BF3-8AF4-4632-8DC7-8C6CD752907C}.Release|Any CPU.Build.0 = Release|Any CPU
		{9552EEE6-65CE-4BE2-9B29-FE2B5499D2D0}.Debug|Any CPU.ActiveCfg = Debug|Any CPU
		{9552EEE6-65CE-4BE2-9B29-FE2B5499D2D0}.Debug|Any CPU.Build.0 = Debug|Any CPU
		{9552EEE6-65CE-4BE2-9B29-FE2B5499D2D0}.Release|Any CPU.ActiveCfg = Release|Any CPU
		{9552EEE6-65CE-4BE2-9B29-FE2B5499D2D0}.Release|Any CPU.Build.0 = Release|Any CPU
		{D126B2C7-BCEF-49EC-AC15-2AA1B969F7BF}.Debug|Any CPU.ActiveCfg = Debug|Any CPU
		{D126B2C7-BCEF-49EC-AC15-2AA1B969F7BF}.Debug|Any CPU.Build.0 = Debug|Any CPU
		{D126B2C7-BCEF-49EC-AC15-2AA1B969F7BF}.Release|Any CPU.ActiveCfg = Release|Any CPU
		{D126B2C7-BCEF-49EC-AC15-2AA1B969F7BF}.Release|Any CPU.Build.0 = Release|Any CPU
		{DDB76E53-2E4B-4A9E-B52C-3F862902816D}.Debug|Any CPU.ActiveCfg = Debug|Any CPU
		{DDB76E53-2E4B-4A9E-B52C-3F862902816D}.Debug|Any CPU.Build.0 = Debug|Any CPU
		{DDB76E53-2E4B-4A9E-B52C-3F862902816D}.Release|Any CPU.ActiveCfg = Release|Any CPU
		{DDB76E53-2E4B-4A9E-B52C-3F862902816D}.Release|Any CPU.Build.0 = Release|Any CPU
		{FEAF9A3A-9C94-4FB1-89DF-9027BC7D53C0}.Debug|Any CPU.ActiveCfg = Debug|Any CPU
		{FEAF9A3A-9C94-4FB1-89DF-9027BC7D53C0}.Debug|Any CPU.Build.0 = Debug|Any CPU
		{FEAF9A3A-9C94-4FB1-89DF-9027BC7D53C0}.Release|Any CPU.ActiveCfg = Release|Any CPU
		{FEAF9A3A-9C94-4FB1-89DF-9027BC7D53C0}.Release|Any CPU.Build.0 = Release|Any CPU
		{A079F0B7-FC53-40FF-8A0A-B9B83F6FEE6B}.Debug|Any CPU.ActiveCfg = Debug|Any CPU
		{A079F0B7-FC53-40FF-8A0A-B9B83F6FEE6B}.Debug|Any CPU.Build.0 = Debug|Any CPU
		{A079F0B7-FC53-40FF-8A0A-B9B83F6FEE6B}.Release|Any CPU.ActiveCfg = Release|Any CPU
		{A079F0B7-FC53-40FF-8A0A-B9B83F6FEE6B}.Release|Any CPU.Build.0 = Release|Any CPU
	EndGlobalSection
	GlobalSection(SolutionProperties) = preSolution
		HideSolutionNode = FALSE
	EndGlobalSection
	GlobalSection(NestedProjects) = preSolution
		{D2A4906A-5FFC-409D-B6C0-471E7D311C5A} = {9AAA2151-53E2-4111-84E6-8EF580AB818F}
		{1D540BF3-8AF4-4632-8DC7-8C6CD752907C} = {9AAA2151-53E2-4111-84E6-8EF580AB818F}
		{9552EEE6-65CE-4BE2-9B29-FE2B5499D2D0} = {9AAA2151-53E2-4111-84E6-8EF580AB818F}
		{8EED8126-46DD-4AE4-BAF9-EEB9EB702DFF} = {9AAA2151-53E2-4111-84E6-8EF580AB818F}
		{D126B2C7-BCEF-49EC-AC15-2AA1B969F7BF} = {8EED8126-46DD-4AE4-BAF9-EEB9EB702DFF}
		{EDCF3E60-63D9-4953-A742-5E876297063D} = {FAB04434-E498-4F65-99DC-A96E64A266C5}
		{04164D01-B304-44BA-B91F-5A66336BDCCB} = {EDCF3E60-63D9-4953-A742-5E876297063D}
		{4CBBA121-5E68-4C05-BE6C-78409FCD076B} = {04164D01-B304-44BA-B91F-5A66336BDCCB}
		{DDB76E53-2E4B-4A9E-B52C-3F862902816D} = {4CBBA121-5E68-4C05-BE6C-78409FCD076B}
		{10D359C5-1A32-4E19-A332-70BCE9DF003A} = {FAB04434-E498-4F65-99DC-A96E64A266C5}
		{FEAF9A3A-9C94-4FB1-89DF-9027BC7D53C0} = {10D359C5-1A32-4E19-A332-70BCE9DF003A}
		{0E9DF989-981B-47CE-BEB8-E0666BFAC71D} = {10D359C5-1A32-4E19-A332-70BCE9DF003A}
		{CEFD224E-5597-44F5-8B93-880B2966A0F3} = {0E9DF989-981B-47CE-BEB8-E0666BFAC71D}
		{A079F0B7-FC53-40FF-8A0A-B9B83F6FEE6B} = {CEFD224E-5597-44F5-8B93-880B2966A0F3}
	EndGlobalSection
	GlobalSection(ExtensibilityGlobals) = postSolution
		SolutionGuid = {E726D58B-007E-40FD-B070-CD388696D892}
	EndGlobalSection
EndGlobal
